[[package]]
name = "asgiref"
version = "3.2.10"
description = "ASGI specs, helper code, and adapters"
category = "main"
optional = false
python-versions = ">=3.5"

[package.extras]
tests = ["pytest", "pytest-asyncio"]

[[package]]
name = "django"
version = "3.0.8"
description = "A high-level Python Web framework that encourages rapid development and clean, pragmatic design."
category = "main"
optional = false
python-versions = ">=3.6"

[package.dependencies]
asgiref = ">=3.2,<4.0"
pytz = "*"
sqlparse = ">=0.2.2"

[package.extras]
argon2 = ["argon2-cffi (>=16.1.0)"]
bcrypt = ["bcrypt"]

[[package]]
name = "django-debug-toolbar"
version = "2.2.1"
description = "A configurable set of panels that display various debug information about the current request/response."
category = "main"
optional = false
python-versions = ">=3.5"

[package.dependencies]
Django = ">=1.11"
sqlparse = ">=0.2.0"

[[package]]
name = "environ"
version = "1.0"
description = "Stack Based Globals Management"
category = "main"
optional = false
python-versions = "*"

[[package]]
name = "localflavor"
version = "1.8"
description = "Country-specific validation helpers, ported from Django Localflavor"
category = "main"
optional = false
python-versions = "*"

[package.dependencies]
six = "1.11.0"

[[package]]
name = "pytz"
version = "2020.1"
description = "World timezone definitions, modern and historical"
category = "main"
optional = false
python-versions = "*"

[[package]]
name = "six"
version = "1.11.0"
description = "Python 2 and 3 compatibility utilities"
category = "main"
optional = false
python-versions = "*"

[[package]]
name = "sqlparse"
version = "0.3.1"
description = "Non-validating SQL parser"
category = "main"
optional = false
python-versions = ">=2.7, !=3.0.*, !=3.1.*, !=3.2.*, !=3.3.*"

[metadata]
lock-version = "1.1"
python-versions = "^3.8"
content-hash = "5da6b8077b42e4c71ebd1083543d119681ffd19305789e47980175be1a6d236e"

[metadata.files]
asgiref = [
    {file = "asgiref-3.2.10-py3-none-any.whl", hash = "sha256:9fc6fb5d39b8af147ba40765234fa822b39818b12cc80b35ad9b0cef3a476aed"},
    {file = "asgiref-3.2.10.tar.gz", hash = "sha256:7e51911ee147dd685c3c8b805c0ad0cb58d360987b56953878f8c06d2d1c6f1a"},
]
django = [
    {file = "Django-3.0.8-py3-none-any.whl", hash = "sha256:5457fc953ec560c5521b41fad9e6734a4668b7ba205832191bbdff40ec61073c"},
    {file = "Django-3.0.8.tar.gz", hash = "sha256:31a5fbbea5fc71c99e288ec0b2f00302a0a92c44b13ede80b73a6a4d6d205582"},
]
django-debug-toolbar = [
    {file = "django-debug-toolbar-2.2.1.tar.gz", hash = "sha256:7aadab5240796ffe8e93cc7dfbe2f87a204054746ff7ff93cd6d4a0c3747c853"},
    {file = "django_debug_toolbar-2.2.1-py3-none-any.whl", hash = "sha256:7feaee934608f5cdd95432154be832fe30fda6c1249018191e2c27bc0b6a965e"},
]
environ = [
    {file = "environ-1.0.linux-i686.tar.gz", hash = "sha256:9266e62dd8004f3bf181b24c97aa129844e7e7ec87bf3ed06ef3888293212011"},
    {file = "environ-1.0.tar.gz", hash = "sha256:4df7f1dfeb7d1c988d2e19a8bd5d547a526e0400aeb35adf732032472f35dcb0"},
    {file = "environ-1.0.win32.exe", hash = "sha256:052ded34331655b9c7982abd5681a066b9aaf9adf33b3412c7e842ce959e40b0"},
]
localflavor = [
    {file = "localflavor-1.8-py3-none-any.whl", hash = "sha256:11fa5c32cb78cbb17e9a7727360afa972e99f896342e68f0e06b4910684cd9cc"},
    {file = "localflavor-1.8.tar.gz", hash = "sha256:eb670e1db14a8e62c116c15177587bdb6db60ea07b810895c1ba14a81b237216"},
]
pytz = [
    {file = "pytz-2020.1-py2.py3-none-any.whl", hash = "sha256:a494d53b6d39c3c6e44c3bec237336e14305e4f29bbf800b599253057fbb79ed"},
    {file = "pytz-2020.1.tar.gz", hash = "sha256:c35965d010ce31b23eeb663ed3cc8c906275d6be1a34393a1d73a41febf4a048"},
]
six = [
    {file = "six-1.11.0-py2.py3-none-any.whl", hash = "sha256:832dc0e10feb1aa2c68dcc57dbb658f1c7e65b9b61af69048abc87a2db00a0eb"},
    {file = "six-1.11.0.tar.gz", hash = "sha256:70e8a77beed4562e7f14fe23a786b54f6296e34344c23bc42f07b15018ff98e9"},
]
sqlparse = [
    {file = "sqlparse-0.3.1-py2.py3-none-any.whl", hash = "sha256:022fb9c87b524d1f7862b3037e541f68597a730a8843245c349fc93e1643dc4e"},
    {file = "sqlparse-0.3.1.tar.gz", hash = "sha256:e162203737712307dfe78860cc56c8da8a852ab2ee33750e33aeadf38d12c548"},
]
